<Solution>
  <Project Path="ONGES.Users.Api/ONGES.Users.Api.csproj" Id="01954ac6-6fcf-4946-bc56-95a03248cedd" />
  <Project Path="ONGES.Users.Application/ONGES.Users.Application.csproj" Id="44dd9e1c-5b93-4608-b9e6-2ab7732c8cff" />
  <Project Path="ONGES.Users.Domain/ONGES.Users.Domain.csproj" Id="22de306d-afc7-444a-b89d-8ed3b39d8188" />
  <Project Path="ONGES.Users.Infrastructure/ONGES.Users.Infrastructure.csproj" Id="a6e08b23-213c-468e-8dc7-198c374ac34c" />
  <Project Path="ONGES.Users.Test/ONGES.Users.Test.csproj" Id="567e4a6c-26f2-4e74-99cf-25cad1e5c935" />
</Solution>
